PODS:
  - Alamofire (5.6.2)
  - FSCalendar (2.8.4)
  - FSPagerView (0.8.3)
  - IQKeyboardManagerSwift (6.5.10)
  - Kingfisher (7.4.0)
  - SnapKit (5.6.0)

DEPENDENCIES:
  - Alamofire
  - FSCalendar
  - FSPagerView
  - IQKeyboardManagerSwift
  - Kingfisher
  - SnapKit

SPEC REPOS:
  trunk:
    - Alamofire
    - FSCalendar
    - FSPagerView
    - IQKeyboardManagerSwift
    - Kingfisher
    - SnapKit

SPEC CHECKSUMS:
  Alamofire: d368e1ff8a298e6dde360e35a3e68e6c610e7204
  FSCalendar: 2d1d0d9398f12d439f55c1fe0f01525b151b8260
  FSPagerView: 670405b2f18e2a87fa37f20b00de783e562c25a8
  IQKeyboardManagerSwift: 52962c76ab33532f15ad9f3ff4e5715eda5335bb
  Kingfisher: 596b207973051aae5e4c54a1c1cb39837ea10d36
  SnapKit: e01d52ebb8ddbc333eefe2132acf85c8227d9c25

PODFILE CHECKSUM: 45268f4563f90a3f8483ea8de5e053f5ecfdda65

COCOAPODS: 1.11.3
