// !$*UTF8*$!
{
	archiveVersion = 1;
	classes = {
	};
	objectVersion = 56;
	objects = {

/* Begin PBXBuildFile section */
		8AAEA1A11C43E41CFAB5A75B /* Pods_Dailing.framework in Frameworks */ = {isa = PBXBuildFile; fileRef = 4E35B5983024C95207E95355 /* Pods_Dailing.framework */; };
		EB488CFA2936249900AC0BE2 /* map_pinup_custom@3x.png in Resources */ = {isa = PBXBuildFile; fileRef = EB488CD52936249900AC0BE2 /* map_pinup_custom@3x.png */; };
		EB488CFB2936249900AC0BE2 /* map_pin_custom.png in Resources */ = {isa = PBXBuildFile; fileRef = EB488CD62936249900AC0BE2 /* map_pin_custom.png */; };
		EB488CFC2936249900AC0BE2 /* shadow_balloon.png in Resources */ = {isa = PBXBuildFile; fileRef = EB488CD72936249900AC0BE2 /* shadow_balloon.png */; };
		EB488CFD2936249900AC0BE2 /* map_pinup.png in Resources */ = {isa = PBXBuildFile; fileRef = EB488CD82936249900AC0BE2 /* map_pinup.png */; };
		EB488CFE2936249900AC0BE2 /* detail_button.png in Resources */ = {isa = PBXBuildFile; fileRef = EB488CD92936249900AC0BE2 /* detail_button.png */; };
		EB488CFF2936249900AC0BE2 /* map_pin_custom@3x.png in Resources */ = {isa = PBXBuildFile; fileRef = EB488CDA2936249900AC0BE2 /* map_pin_custom@3x.png */; };
		EB488D002936249900AC0BE2 /* map_pinup@3x.png in Resources */ = {isa = PBXBuildFile; fileRef = EB488CDB2936249900AC0BE2 /* map_pinup@3x.png */; };
		EB488D012936249900AC0BE2 /* map_pin_shadow@3x.png in Resources */ = {isa = PBXBuildFile; fileRef = EB488CDC2936249900AC0BE2 /* map_pin_shadow@3x.png */; };
		EB488D022936249900AC0BE2 /* copyright.png in Resources */ = {isa = PBXBuildFile; fileRef = EB488CDD2936249900AC0BE2 /* copyright.png */; };
		EB488D032936249900AC0BE2 /* th_line.png in Resources */ = {isa = PBXBuildFile; fileRef = EB488CDE2936249900AC0BE2 /* th_line.png */; };
		EB488D042936249900AC0BE2 /* map_pin_red@3x.png in Resources */ = {isa = PBXBuildFile; fileRef = EB488CDF2936249900AC0BE2 /* map_pin_red@3x.png */; };
		EB488D052936249900AC0BE2 /* daum_copyright.png in Resources */ = {isa = PBXBuildFile; fileRef = EB488CE02936249900AC0BE2 /* daum_copyright.png */; };
		EB488D062936249900AC0BE2 /* map_pin@3x.png in Resources */ = {isa = PBXBuildFile; fileRef = EB488CE12936249900AC0BE2 /* map_pin@3x.png */; };
		EB488D072936249900AC0BE2 /* map_present_tracking.png in Resources */ = {isa = PBXBuildFile; fileRef = EB488CE22936249900AC0BE2 /* map_present_tracking.png */; };
		EB488D082936249900AC0BE2 /* map_pin_red.png in Resources */ = {isa = PBXBuildFile; fileRef = EB488CE32936249900AC0BE2 /* map_pin_red.png */; };
		EB488D092936249900AC0BE2 /* info_box.png in Resources */ = {isa = PBXBuildFile; fileRef = EB488CED2936249900AC0BE2 /* info_box.png */; };
		EB488D0A2936249900AC0BE2 /* point_sprite.png in Resources */ = {isa = PBXBuildFile; fileRef = EB488CEE2936249900AC0BE2 /* point_sprite.png */; };
		EB488D0B2936249900AC0BE2 /* map_pinup_custom.png in Resources */ = {isa = PBXBuildFile; fileRef = EB488CEF2936249900AC0BE2 /* map_pinup_custom.png */; };
		EB488D0C2936249900AC0BE2 /* info_box_tail.png in Resources */ = {isa = PBXBuildFile; fileRef = EB488CF02936249900AC0BE2 /* info_box_tail.png */; };
		EB488D0D2936249900AC0BE2 /* noimage256.png in Resources */ = {isa = PBXBuildFile; fileRef = EB488CF12936249900AC0BE2 /* noimage256.png */; };
		EB488D0E2936249900AC0BE2 /* map_present_direction.png in Resources */ = {isa = PBXBuildFile; fileRef = EB488CF22936249900AC0BE2 /* map_present_direction.png */; };
		EB488D0F2936249900AC0BE2 /* map_pin.png in Resources */ = {isa = PBXBuildFile; fileRef = EB488CF32936249900AC0BE2 /* map_pin.png */; };
		EB488D102936249900AC0BE2 /* map_present.png in Resources */ = {isa = PBXBuildFile; fileRef = EB488CF42936249900AC0BE2 /* map_present.png */; };
		EB488D112936249900AC0BE2 /* noimage.png in Resources */ = {isa = PBXBuildFile; fileRef = EB488CF52936249900AC0BE2 /* noimage.png */; };
		EB488D122936249900AC0BE2 /* map_present_background_update.png in Resources */ = {isa = PBXBuildFile; fileRef = EB488CF62936249900AC0BE2 /* map_present_background_update.png */; };
		EB488D132936249900AC0BE2 /* daum_th_line.png in Resources */ = {isa = PBXBuildFile; fileRef = EB488CF72936249900AC0BE2 /* daum_th_line.png */; };
		EB488D142936249900AC0BE2 /* map_pin_shadow.png in Resources */ = {isa = PBXBuildFile; fileRef = EB488CF82936249900AC0BE2 /* map_pin_shadow.png */; };
		EB488D152936249900AC0BE2 /* DaumMap.framework in Frameworks */ = {isa = PBXBuildFile; fileRef = EB488CF92936249900AC0BE2 /* DaumMap.framework */; };
		EB488D182936252500AC0BE2 /* OpenGLES.framework in Frameworks */ = {isa = PBXBuildFile; fileRef = EB488D172936252500AC0BE2 /* OpenGLES.framework */; };
		EB488D1A2936252D00AC0BE2 /* SystemConfiguration.framework in Frameworks */ = {isa = PBXBuildFile; fileRef = EB488D192936252D00AC0BE2 /* SystemConfiguration.framework */; };
		EB488D1C2936253500AC0BE2 /* CoreLocation.framework in Frameworks */ = {isa = PBXBuildFile; fileRef = EB488D1B2936253500AC0BE2 /* CoreLocation.framework */; };
		EB488D1E2936253B00AC0BE2 /* QuartzCore.framework in Frameworks */ = {isa = PBXBuildFile; fileRef = EB488D1D2936253B00AC0BE2 /* QuartzCore.framework */; };
		EB488D202936254500AC0BE2 /* libc++.tbd in Frameworks */ = {isa = PBXBuildFile; fileRef = EB488D1F2936254000AC0BE2 /* libc++.tbd */; };
		EB488D222936255200AC0BE2 /* libxml2.tbd in Frameworks */ = {isa = PBXBuildFile; fileRef = EB488D212936254B00AC0BE2 /* libxml2.tbd */; };
		EB488D242936255D00AC0BE2 /* libsqlite3.tbd in Frameworks */ = {isa = PBXBuildFile; fileRef = EB488D232936255800AC0BE2 /* libsqlite3.tbd */; };
		EB488D4B293632E200AC0BE2 /* inter-cufonfonts in Resources */ = {isa = PBXBuildFile; fileRef = EB488D4A293632E200AC0BE2 /* inter-cufonfonts */; };
		EB5DC96B293A070B00384220 /* GetAllTodoResponse.swift in Sources */ = {isa = PBXBuildFile; fileRef = EB5DC96A293A070B00384220 /* GetAllTodoResponse.swift */; };
		EB5DC96D293A076500384220 /* DailingURL.swift in Sources */ = {isa = PBXBuildFile; fileRef = EB5DC96C293A076500384220 /* DailingURL.swift */; };
		EB5DC970293A0F1500384220 /* DailingLog.swift in Sources */ = {isa = PBXBuildFile; fileRef = EB5DC96F293A0F1500384220 /* DailingLog.swift */; };
		EB8C4621293349CC00FEEFD1 /* Map.storyboard in Resources */ = {isa = PBXBuildFile; fileRef = EB8C4620293349CC00FEEFD1 /* Map.storyboard */; };
		EB8C4623293349D500FEEFD1 /* Upload.storyboard in Resources */ = {isa = PBXBuildFile; fileRef = EB8C4622293349D500FEEFD1 /* Upload.storyboard */; };
		EB8C4626293349E700FEEFD1 /* Calendar.storyboard in Resources */ = {isa = PBXBuildFile; fileRef = EB8C4625293349E700FEEFD1 /* Calendar.storyboard */; };
		EB8C462A29334A2800FEEFD1 /* CalendarViewController.swift in Sources */ = {isa = PBXBuildFile; fileRef = EB8C462929334A2800FEEFD1 /* CalendarViewController.swift */; };
		EB8C462C29334A3000FEEFD1 /* MapViewController.swift in Sources */ = {isa = PBXBuildFile; fileRef = EB8C462B29334A3000FEEFD1 /* MapViewController.swift */; };
		EB8C462E29334A3A00FEEFD1 /* UploadViewController.swift in Sources */ = {isa = PBXBuildFile; fileRef = EB8C462D29334A3A00FEEFD1 /* UploadViewController.swift */; };
		EB8C463129334BB800FEEFD1 /* UserCollectionViewCell.xib in Resources */ = {isa = PBXBuildFile; fileRef = EB8C463029334BB800FEEFD1 /* UserCollectionViewCell.xib */; };
		EB8C463729334CF500FEEFD1 /* UserCollectionViewCell.swift in Sources */ = {isa = PBXBuildFile; fileRef = EB8C463629334CF500FEEFD1 /* UserCollectionViewCell.swift */; };
		EB8C463929334E7500FEEFD1 /* Controller+Extenction.swift in Sources */ = {isa = PBXBuildFile; fileRef = EB8C463829334E7500FEEFD1 /* Controller+Extenction.swift */; };
		EB8C463B293353C500FEEFD1 /* AddUserViewController.swift in Sources */ = {isa = PBXBuildFile; fileRef = EB8C463A293353C500FEEFD1 /* AddUserViewController.swift */; };
		EB8D24D6293D79C7002E260A /* UploadRequest.swift in Sources */ = {isa = PBXBuildFile; fileRef = EB8D24D5293D79C7002E260A /* UploadRequest.swift */; };
		EB8D24D8293D79D5002E260A /* UploadResponse.swift in Sources */ = {isa = PBXBuildFile; fileRef = EB8D24D7293D79D5002E260A /* UploadResponse.swift */; };
		EBB240452930A0C000C0F6C3 /* AppDelegate.swift in Sources */ = {isa = PBXBuildFile; fileRef = EBB240442930A0C000C0F6C3 /* AppDelegate.swift */; };
		EBB240472930A0C000C0F6C3 /* SceneDelegate.swift in Sources */ = {isa = PBXBuildFile; fileRef = EBB240462930A0C000C0F6C3 /* SceneDelegate.swift */; };
		EBB2404C2930A0C000C0F6C3 /* AddUser.storyboard in Resources */ = {isa = PBXBuildFile; fileRef = EBB2404A2930A0C000C0F6C3 /* AddUser.storyboard */; };
		EBB2404E2930A0C100C0F6C3 /* Assets.xcassets in Resources */ = {isa = PBXBuildFile; fileRef = EBB2404D2930A0C100C0F6C3 /* Assets.xcassets */; };
		EBB240512930A0C100C0F6C3 /* LaunchScreen.storyboard in Resources */ = {isa = PBXBuildFile; fileRef = EBB2404F2930A0C100C0F6C3 /* LaunchScreen.storyboard */; };
		EBDC213029373910006D9B0D /* TabBarVC.swift in Sources */ = {isa = PBXBuildFile; fileRef = EBDC212F29373910006D9B0D /* TabBarVC.swift */; };
		EBDC213229376779006D9B0D /* TodoTableViewCell.xib in Resources */ = {isa = PBXBuildFile; fileRef = EBDC213129376779006D9B0D /* TodoTableViewCell.xib */; };
		EBDC213429376AB8006D9B0D /* TodoTableViewCell.swift in Sources */ = {isa = PBXBuildFile; fileRef = EBDC213329376AB8006D9B0D /* TodoTableViewCell.swift */; };
		EBEE37E8293C6D5900069052 /* SpoqaHanSans in Resources */ = {isa = PBXBuildFile; fileRef = EBEE37E7293C6D5800069052 /* SpoqaHanSans */; };
		EBF8A7B629387B4200207F84 /* TodoImgTableViewCell.xib in Resources */ = {isa = PBXBuildFile; fileRef = EBF8A7B529387B4200207F84 /* TodoImgTableViewCell.xib */; };
		EBF8A7B829387B5500207F84 /* TodoImgTableViewCell.swift in Sources */ = {isa = PBXBuildFile; fileRef = EBF8A7B729387B5500207F84 /* TodoImgTableViewCell.swift */; };
/* End PBXBuildFile section */

/* Begin PBXCopyFilesBuildPhase section */
		EB0E044A293395B900C83DE7 /* Embed Frameworks */ = {
			isa = PBXCopyFilesBuildPhase;
			buildActionMask = 2147483647;
			dstPath = "";
			dstSubfolderSpec = 10;
			files = (
			);
			name = "Embed Frameworks";
			runOnlyForDeploymentPostprocessing = 0;
		};
/* End PBXCopyFilesBuildPhase section */

/* Begin PBXFileReference section */
		44B37E297A9DFE60987D0684 /* Pods-Dailing.release.xcconfig */ = {isa = PBXFileReference; includeInIndex = 1; lastKnownFileType = text.xcconfig; name = "Pods-Dailing.release.xcconfig"; path = "Target Support Files/Pods-Dailing/Pods-Dailing.release.xcconfig"; sourceTree = "<group>"; };
		4E35B5983024C95207E95355 /* Pods_Dailing.framework */ = {isa = PBXFileReference; explicitFileType = wrapper.framework; includeInIndex = 0; path = Pods_Dailing.framework; sourceTree = BUILT_PRODUCTS_DIR; };
		DB8F6D301ECA78E4620BD97D /* Pods-Dailing.debug.xcconfig */ = {isa = PBXFileReference; includeInIndex = 1; lastKnownFileType = text.xcconfig; name = "Pods-Dailing.debug.xcconfig"; path = "Target Support Files/Pods-Dailing/Pods-Dailing.debug.xcconfig"; sourceTree = "<group>"; };
		EB488CD52936249900AC0BE2 /* map_pinup_custom@3x.png */ = {isa = PBXFileReference; lastKnownFileType = image.png; path = "map_pinup_custom@3x.png"; sourceTree = "<group>"; };
		EB488CD62936249900AC0BE2 /* map_pin_custom.png */ = {isa = PBXFileReference; lastKnownFileType = image.png; path = map_pin_custom.png; sourceTree = "<group>"; };
		EB488CD72936249900AC0BE2 /* shadow_balloon.png */ = {isa = PBXFileReference; lastKnownFileType = image.png; path = shadow_balloon.png; sourceTree = "<group>"; };
		EB488CD82936249900AC0BE2 /* map_pinup.png */ = {isa = PBXFileReference; lastKnownFileType = image.png; path = map_pinup.png; sourceTree = "<group>"; };
		EB488CD92936249900AC0BE2 /* detail_button.png */ = {isa = PBXFileReference; lastKnownFileType = image.png; path = detail_button.png; sourceTree = "<group>"; };
		EB488CDA2936249900AC0BE2 /* map_pin_custom@3x.png */ = {isa = PBXFileReference; lastKnownFileType = image.png; path = "map_pin_custom@3x.png"; sourceTree = "<group>"; };
		EB488CDB2936249900AC0BE2 /* map_pinup@3x.png */ = {isa = PBXFileReference; lastKnownFileType = image.png; path = "map_pinup@3x.png"; sourceTree = "<group>"; };
		EB488CDC2936249900AC0BE2 /* map_pin_shadow@3x.png */ = {isa = PBXFileReference; lastKnownFileType = image.png; path = "map_pin_shadow@3x.png"; sourceTree = "<group>"; };
		EB488CDD2936249900AC0BE2 /* copyright.png */ = {isa = PBXFileReference; lastKnownFileType = image.png; path = copyright.png; sourceTree = "<group>"; };
		EB488CDE2936249900AC0BE2 /* th_line.png */ = {isa = PBXFileReference; lastKnownFileType = image.png; path = th_line.png; sourceTree = "<group>"; };
		EB488CDF2936249900AC0BE2 /* map_pin_red@3x.png */ = {isa = PBXFileReference; lastKnownFileType = image.png; path = "map_pin_red@3x.png"; sourceTree = "<group>"; };
		EB488CE02936249900AC0BE2 /* daum_copyright.png */ = {isa = PBXFileReference; lastKnownFileType = image.png; path = daum_copyright.png; sourceTree = "<group>"; };
		EB488CE12936249900AC0BE2 /* map_pin@3x.png */ = {isa = PBXFileReference; lastKnownFileType = image.png; path = "map_pin@3x.png"; sourceTree = "<group>"; };
		EB488CE22936249900AC0BE2 /* map_present_tracking.png */ = {isa = PBXFileReference; lastKnownFileType = image.png; path = map_present_tracking.png; sourceTree = "<group>"; };
		EB488CE32936249900AC0BE2 /* map_pin_red.png */ = {isa = PBXFileReference; lastKnownFileType = image.png; path = map_pin_red.png; sourceTree = "<group>"; };
		EB488CE52936249900AC0BE2 /* MTMapPOIItem.h */ = {isa = PBXFileReference; fileEncoding = 4; lastKnownFileType = sourcecode.c.h; path = MTMapPOIItem.h; sourceTree = "<group>"; };
		EB488CE62936249900AC0BE2 /* MTMapCameraUpdate.h */ = {isa = PBXFileReference; fileEncoding = 4; lastKnownFileType = sourcecode.c.h; path = MTMapCameraUpdate.h; sourceTree = "<group>"; };
		EB488CE72936249900AC0BE2 /* MTMapReverseGeoCoder.h */ = {isa = PBXFileReference; fileEncoding = 4; lastKnownFileType = sourcecode.c.h; path = MTMapReverseGeoCoder.h; sourceTree = "<group>"; };
		EB488CE82936249900AC0BE2 /* MTMapPolyline.h */ = {isa = PBXFileReference; fileEncoding = 4; lastKnownFileType = sourcecode.c.h; path = MTMapPolyline.h; sourceTree = "<group>"; };
		EB488CE92936249900AC0BE2 /* MTMapLocationMarkerItem.h */ = {isa = PBXFileReference; fileEncoding = 4; lastKnownFileType = sourcecode.c.h; path = MTMapLocationMarkerItem.h; sourceTree = "<group>"; };
		EB488CEA2936249900AC0BE2 /* MTMapView.h */ = {isa = PBXFileReference; fileEncoding = 4; lastKnownFileType = sourcecode.c.h; path = MTMapView.h; sourceTree = "<group>"; };
		EB488CEB2936249900AC0BE2 /* MTMapGeometry.h */ = {isa = PBXFileReference; fileEncoding = 4; lastKnownFileType = sourcecode.c.h; path = MTMapGeometry.h; sourceTree = "<group>"; };
		EB488CEC2936249900AC0BE2 /* MTMapCircle.h */ = {isa = PBXFileReference; fileEncoding = 4; lastKnownFileType = sourcecode.c.h; path = MTMapCircle.h; sourceTree = "<group>"; };
		EB488CED2936249900AC0BE2 /* info_box.png */ = {isa = PBXFileReference; lastKnownFileType = image.png; path = info_box.png; sourceTree = "<group>"; };
		EB488CEE2936249900AC0BE2 /* point_sprite.png */ = {isa = PBXFileReference; lastKnownFileType = image.png; path = point_sprite.png; sourceTree = "<group>"; };
		EB488CEF2936249900AC0BE2 /* map_pinup_custom.png */ = {isa = PBXFileReference; lastKnownFileType = image.png; path = map_pinup_custom.png; sourceTree = "<group>"; };
		EB488CF02936249900AC0BE2 /* info_box_tail.png */ = {isa = PBXFileReference; lastKnownFileType = image.png; path = info_box_tail.png; sourceTree = "<group>"; };
		EB488CF12936249900AC0BE2 /* noimage256.png */ = {isa = PBXFileReference; lastKnownFileType = image.png; path = noimage256.png; sourceTree = "<group>"; };
		EB488CF22936249900AC0BE2 /* map_present_direction.png */ = {isa = PBXFileReference; lastKnownFileType = image.png; path = map_present_direction.png; sourceTree = "<group>"; };
		EB488CF32936249900AC0BE2 /* map_pin.png */ = {isa = PBXFileReference; lastKnownFileType = image.png; path = map_pin.png; sourceTree = "<group>"; };
		EB488CF42936249900AC0BE2 /* map_present.png */ = {isa = PBXFileReference; lastKnownFileType = image.png; path = map_present.png; sourceTree = "<group>"; };
		EB488CF52936249900AC0BE2 /* noimage.png */ = {isa = PBXFileReference; lastKnownFileType = image.png; path = noimage.png; sourceTree = "<group>"; };
		EB488CF62936249900AC0BE2 /* map_present_background_update.png */ = {isa = PBXFileReference; lastKnownFileType = image.png; path = map_present_background_update.png; sourceTree = "<group>"; };
		EB488CF72936249900AC0BE2 /* daum_th_line.png */ = {isa = PBXFileReference; lastKnownFileType = image.png; path = daum_th_line.png; sourceTree = "<group>"; };
		EB488CF82936249900AC0BE2 /* map_pin_shadow.png */ = {isa = PBXFileReference; lastKnownFileType = image.png; path = map_pin_shadow.png; sourceTree = "<group>"; };
		EB488CF92936249900AC0BE2 /* DaumMap.framework */ = {isa = PBXFileReference; lastKnownFileType = wrapper.framework; path = DaumMap.framework; sourceTree = "<group>"; };
		EB488D16293624D100AC0BE2 /* Dailing-Header.h */ = {isa = PBXFileReference; lastKnownFileType = sourcecode.c.h; path = "Dailing-Header.h"; sourceTree = "<group>"; };
		EB488D172936252500AC0BE2 /* OpenGLES.framework */ = {isa = PBXFileReference; lastKnownFileType = wrapper.framework; name = OpenGLES.framework; path = System/Library/Frameworks/OpenGLES.framework; sourceTree = SDKROOT; };
		EB488D192936252D00AC0BE2 /* SystemConfiguration.framework */ = {isa = PBXFileReference; lastKnownFileType = wrapper.framework; name = SystemConfiguration.framework; path = System/Library/Frameworks/SystemConfiguration.framework; sourceTree = SDKROOT; };
		EB488D1B2936253500AC0BE2 /* CoreLocation.framework */ = {isa = PBXFileReference; lastKnownFileType = wrapper.framework; name = CoreLocation.framework; path = System/Library/Frameworks/CoreLocation.framework; sourceTree = SDKROOT; };
		EB488D1D2936253B00AC0BE2 /* QuartzCore.framework */ = {isa = PBXFileReference; lastKnownFileType = wrapper.framework; name = QuartzCore.framework; path = System/Library/Frameworks/QuartzCore.framework; sourceTree = SDKROOT; };
		EB488D1F2936254000AC0BE2 /* libc++.tbd */ = {isa = PBXFileReference; lastKnownFileType = "sourcecode.text-based-dylib-definition"; name = "libc++.tbd"; path = "usr/lib/libc++.tbd"; sourceTree = SDKROOT; };
		EB488D212936254B00AC0BE2 /* libxml2.tbd */ = {isa = PBXFileReference; lastKnownFileType = "sourcecode.text-based-dylib-definition"; name = libxml2.tbd; path = usr/lib/libxml2.tbd; sourceTree = SDKROOT; };
		EB488D232936255800AC0BE2 /* libsqlite3.tbd */ = {isa = PBXFileReference; lastKnownFileType = "sourcecode.text-based-dylib-definition"; name = libsqlite3.tbd; path = usr/lib/libsqlite3.tbd; sourceTree = SDKROOT; };
		EB488D4A293632E200AC0BE2 /* inter-cufonfonts */ = {isa = PBXFileReference; lastKnownFileType = folder; path = "inter-cufonfonts"; sourceTree = "<group>"; };
		EB5DC96A293A070B00384220 /* GetAllTodoResponse.swift */ = {isa = PBXFileReference; lastKnownFileType = sourcecode.swift; path = GetAllTodoResponse.swift; sourceTree = "<group>"; };
		EB5DC96C293A076500384220 /* DailingURL.swift */ = {isa = PBXFileReference; lastKnownFileType = sourcecode.swift; path = DailingURL.swift; sourceTree = "<group>"; };
		EB5DC96F293A0F1500384220 /* DailingLog.swift */ = {isa = PBXFileReference; lastKnownFileType = sourcecode.swift; path = DailingLog.swift; sourceTree = "<group>"; };
		EB8C4620293349CC00FEEFD1 /* Map.storyboard */ = {isa = PBXFileReference; lastKnownFileType = file.storyboard; path = Map.storyboard; sourceTree = "<group>"; };
		EB8C4622293349D500FEEFD1 /* Upload.storyboard */ = {isa = PBXFileReference; lastKnownFileType = file.storyboard; path = Upload.storyboard; sourceTree = "<group>"; };
		EB8C4625293349E700FEEFD1 /* Calendar.storyboard */ = {isa = PBXFileReference; lastKnownFileType = file.storyboard; path = Calendar.storyboard; sourceTree = "<group>"; };
		EB8C462929334A2800FEEFD1 /* CalendarViewController.swift */ = {isa = PBXFileReference; lastKnownFileType = sourcecode.swift; path = CalendarViewController.swift; sourceTree = "<group>"; };
		EB8C462B29334A3000FEEFD1 /* MapViewController.swift */ = {isa = PBXFileReference; lastKnownFileType = sourcecode.swift; path = MapViewController.swift; sourceTree = "<group>"; };
		EB8C462D29334A3A00FEEFD1 /* UploadViewController.swift */ = {isa = PBXFileReference; lastKnownFileType = sourcecode.swift; path = UploadViewController.swift; sourceTree = "<group>"; };
		EB8C463029334BB800FEEFD1 /* UserCollectionViewCell.xib */ = {isa = PBXFileReference; lastKnownFileType = file.xib; path = UserCollectionViewCell.xib; sourceTree = "<group>"; };
		EB8C463629334CF500FEEFD1 /* UserCollectionViewCell.swift */ = {isa = PBXFileReference; lastKnownFileType = sourcecode.swift; path = UserCollectionViewCell.swift; sourceTree = "<group>"; };
		EB8C463829334E7500FEEFD1 /* Controller+Extenction.swift */ = {isa = PBXFileReference; lastKnownFileType = sourcecode.swift; path = "Controller+Extenction.swift"; sourceTree = "<group>"; };
		EB8C463A293353C500FEEFD1 /* AddUserViewController.swift */ = {isa = PBXFileReference; lastKnownFileType = sourcecode.swift; path = AddUserViewController.swift; sourceTree = "<group>"; };
		EB8D24D5293D79C7002E260A /* UploadRequest.swift */ = {isa = PBXFileReference; lastKnownFileType = sourcecode.swift; path = UploadRequest.swift; sourceTree = "<group>"; };
		EB8D24D7293D79D5002E260A /* UploadResponse.swift */ = {isa = PBXFileReference; lastKnownFileType = sourcecode.swift; path = UploadResponse.swift; sourceTree = "<group>"; };
		EBB240412930A0C000C0F6C3 /* Dailing.app */ = {isa = PBXFileReference; explicitFileType = wrapper.application; includeInIndex = 0; path = Dailing.app; sourceTree = BUILT_PRODUCTS_DIR; };
		EBB240442930A0C000C0F6C3 /* AppDelegate.swift */ = {isa = PBXFileReference; lastKnownFileType = sourcecode.swift; path = AppDelegate.swift; sourceTree = "<group>"; };
		EBB240462930A0C000C0F6C3 /* SceneDelegate.swift */ = {isa = PBXFileReference; lastKnownFileType = sourcecode.swift; path = SceneDelegate.swift; sourceTree = "<group>"; };
		EBB2404B2930A0C000C0F6C3 /* Base */ = {isa = PBXFileReference; lastKnownFileType = file.storyboard; name = Base; path = Base.lproj/AddUser.storyboard; sourceTree = "<group>"; };
		EBB2404D2930A0C100C0F6C3 /* Assets.xcassets */ = {isa = PBXFileReference; lastKnownFileType = folder.assetcatalog; path = Assets.xcassets; sourceTree = "<group>"; };
		EBB240502930A0C100C0F6C3 /* Base */ = {isa = PBXFileReference; lastKnownFileType = file.storyboard; name = Base; path = Base.lproj/LaunchScreen.storyboard; sourceTree = "<group>"; };
		EBB240522930A0C100C0F6C3 /* Info.plist */ = {isa = PBXFileReference; lastKnownFileType = text.plist.xml; path = Info.plist; sourceTree = "<group>"; };
		EBDC212F29373910006D9B0D /* TabBarVC.swift */ = {isa = PBXFileReference; lastKnownFileType = sourcecode.swift; path = TabBarVC.swift; sourceTree = "<group>"; };
		EBDC213129376779006D9B0D /* TodoTableViewCell.xib */ = {isa = PBXFileReference; lastKnownFileType = file.xib; path = TodoTableViewCell.xib; sourceTree = "<group>"; };
		EBDC213329376AB8006D9B0D /* TodoTableViewCell.swift */ = {isa = PBXFileReference; lastKnownFileType = sourcecode.swift; path = TodoTableViewCell.swift; sourceTree = "<group>"; };
		EBEE37E7293C6D5800069052 /* SpoqaHanSans */ = {isa = PBXFileReference; lastKnownFileType = folder; path = SpoqaHanSans; sourceTree = "<group>"; };
		EBF8A7B529387B4200207F84 /* TodoImgTableViewCell.xib */ = {isa = PBXFileReference; lastKnownFileType = file.xib; path = TodoImgTableViewCell.xib; sourceTree = "<group>"; };
		EBF8A7B729387B5500207F84 /* TodoImgTableViewCell.swift */ = {isa = PBXFileReference; lastKnownFileType = sourcecode.swift; path = TodoImgTableViewCell.swift; sourceTree = "<group>"; };
/* End PBXFileReference section */

/* Begin PBXFrameworksBuildPhase section */
		EBB2403E2930A0C000C0F6C3 /* Frameworks */ = {
			isa = PBXFrameworksBuildPhase;
			buildActionMask = 2147483647;
			files = (
				EB488D152936249900AC0BE2 /* DaumMap.framework in Frameworks */,
				EB488D202936254500AC0BE2 /* libc++.tbd in Frameworks */,
				EB488D1C2936253500AC0BE2 /* CoreLocation.framework in Frameworks */,
				EB488D242936255D00AC0BE2 /* libsqlite3.tbd in Frameworks */,
				EB488D1E2936253B00AC0BE2 /* QuartzCore.framework in Frameworks */,
				8AAEA1A11C43E41CFAB5A75B /* Pods_Dailing.framework in Frameworks */,
				EB488D222936255200AC0BE2 /* libxml2.tbd in Frameworks */,
				EB488D1A2936252D00AC0BE2 /* SystemConfiguration.framework in Frameworks */,
				EB488D182936252500AC0BE2 /* OpenGLES.framework in Frameworks */,
			);
			runOnlyForDeploymentPostprocessing = 0;
		};
/* End PBXFrameworksBuildPhase section */

/* Begin PBXGroup section */
		869399F8DC8F2099E04FFF06 /* Frameworks */ = {
			isa = PBXGroup;
			children = (
				EB488D232936255800AC0BE2 /* libsqlite3.tbd */,
				EB488D212936254B00AC0BE2 /* libxml2.tbd */,
				EB488D1F2936254000AC0BE2 /* libc++.tbd */,
				EB488D1D2936253B00AC0BE2 /* QuartzCore.framework */,
				EB488D1B2936253500AC0BE2 /* CoreLocation.framework */,
				EB488D192936252D00AC0BE2 /* SystemConfiguration.framework */,
				EB488D172936252500AC0BE2 /* OpenGLES.framework */,
				4E35B5983024C95207E95355 /* Pods_Dailing.framework */,
			);
			name = Frameworks;
			sourceTree = "<group>";
		};
		B2D054AB9433D7CF4271D64E /* Pods */ = {
			isa = PBXGroup;
			children = (
				DB8F6D301ECA78E4620BD97D /* Pods-Dailing.debug.xcconfig */,
				44B37E297A9DFE60987D0684 /* Pods-Dailing.release.xcconfig */,
			);
			path = Pods;
			sourceTree = "<group>";
		};
		EB488CD32936249900AC0BE2 /* DaumMap.embeddedframework */ = {
			isa = PBXGroup;
			children = (
				EB488CD42936249900AC0BE2 /* Resources */,
				EB488CF92936249900AC0BE2 /* DaumMap.framework */,
			);
			path = DaumMap.embeddedframework;
			sourceTree = "<group>";
		};
		EB488CD42936249900AC0BE2 /* Resources */ = {
			isa = PBXGroup;
			children = (
				EB488CD52936249900AC0BE2 /* map_pinup_custom@3x.png */,
				EB488CD62936249900AC0BE2 /* map_pin_custom.png */,
				EB488CD72936249900AC0BE2 /* shadow_balloon.png */,
				EB488CD82936249900AC0BE2 /* map_pinup.png */,
				EB488CD92936249900AC0BE2 /* detail_button.png */,
				EB488CDA2936249900AC0BE2 /* map_pin_custom@3x.png */,
				EB488CDB2936249900AC0BE2 /* map_pinup@3x.png */,
				EB488CDC2936249900AC0BE2 /* map_pin_shadow@3x.png */,
				EB488CDD2936249900AC0BE2 /* copyright.png */,
				EB488CDE2936249900AC0BE2 /* th_line.png */,
				EB488CDF2936249900AC0BE2 /* map_pin_red@3x.png */,
				EB488CE02936249900AC0BE2 /* daum_copyright.png */,
				EB488CE12936249900AC0BE2 /* map_pin@3x.png */,
				EB488CE22936249900AC0BE2 /* map_present_tracking.png */,
				EB488CE32936249900AC0BE2 /* map_pin_red.png */,
				EB488CE42936249900AC0BE2 /* Headers */,
				EB488CED2936249900AC0BE2 /* info_box.png */,
				EB488CEE2936249900AC0BE2 /* point_sprite.png */,
				EB488CEF2936249900AC0BE2 /* map_pinup_custom.png */,
				EB488CF02936249900AC0BE2 /* info_box_tail.png */,
				EB488CF12936249900AC0BE2 /* noimage256.png */,
				EB488CF22936249900AC0BE2 /* map_present_direction.png */,
				EB488CF32936249900AC0BE2 /* map_pin.png */,
				EB488CF42936249900AC0BE2 /* map_present.png */,
				EB488CF52936249900AC0BE2 /* noimage.png */,
				EB488CF62936249900AC0BE2 /* map_present_background_update.png */,
				EB488CF72936249900AC0BE2 /* daum_th_line.png */,
				EB488CF82936249900AC0BE2 /* map_pin_shadow.png */,
			);
			path = Resources;
			sourceTree = "<group>";
		};
		EB488CE42936249900AC0BE2 /* Headers */ = {
			isa = PBXGroup;
			children = (
				EB488CE52936249900AC0BE2 /* MTMapPOIItem.h */,
				EB488CE62936249900AC0BE2 /* MTMapCameraUpdate.h */,
				EB488CE72936249900AC0BE2 /* MTMapReverseGeoCoder.h */,
				EB488CE82936249900AC0BE2 /* MTMapPolyline.h */,
				EB488CE92936249900AC0BE2 /* MTMapLocationMarkerItem.h */,
				EB488CEA2936249900AC0BE2 /* MTMapView.h */,
				EB488CEB2936249900AC0BE2 /* MTMapGeometry.h */,
				EB488CEC2936249900AC0BE2 /* MTMapCircle.h */,
			);
			path = Headers;
			sourceTree = "<group>";
		};
		EB5DC969293A06EF00384220 /* Calendar */ = {
			isa = PBXGroup;
			children = (
				EB5DC96A293A070B00384220 /* GetAllTodoResponse.swift */,
			);
			path = Calendar;
			sourceTree = "<group>";
		};
		EB5DC96E293A0EFA00384220 /* DailingLog */ = {
			isa = PBXGroup;
			children = (
				EB5DC96F293A0F1500384220 /* DailingLog.swift */,
			);
			path = DailingLog;
			sourceTree = "<group>";
		};
		EB8C4618293348AF00FEEFD1 /* BaseFile */ = {
			isa = PBXGroup;
			children = (
				EBB2404D2930A0C100C0F6C3 /* Assets.xcassets */,
				EBB2404F2930A0C100C0F6C3 /* LaunchScreen.storyboard */,
				EBB240442930A0C000C0F6C3 /* AppDelegate.swift */,
				EBB240462930A0C000C0F6C3 /* SceneDelegate.swift */,
				EB8C463829334E7500FEEFD1 /* Controller+Extenction.swift */,
			);
			path = BaseFile;
			sourceTree = "<group>";
		};
		EB8C4619293348E600FEEFD1 /* View */ = {
			isa = PBXGroup;
			children = (
				EB8C4624293349DA00FEEFD1 /* Cell */,
				EBB2404A2930A0C000C0F6C3 /* AddUser.storyboard */,
				EB8C4625293349E700FEEFD1 /* Calendar.storyboard */,
				EB8C4620293349CC00FEEFD1 /* Map.storyboard */,
				EB8C4622293349D500FEEFD1 /* Upload.storyboard */,
			);
			path = View;
			sourceTree = "<group>";
		};
		EB8C461A293348ED00FEEFD1 /* Model */ = {
			isa = PBXGroup;
			children = (
				EB8D24D4293D79A0002E260A /* Upload */,
				EB5DC969293A06EF00384220 /* Calendar */,
				EB5DC96C293A076500384220 /* DailingURL.swift */,
			);
			path = Model;
			sourceTree = "<group>";
		};
		EB8C461B293348F300FEEFD1 /* Controller */ = {
			isa = PBXGroup;
			children = (
				EB8C462F29334A4200FEEFD1 /* Cell */,
				EB8C461F293349B900FEEFD1 /* Upload */,
				EB8C461E293349AB00FEEFD1 /* Map */,
				EB8C461D2933499900FEEFD1 /* Calendar */,
				EB8C461C2933499100FEEFD1 /* AddUser */,
				EBDC212F29373910006D9B0D /* TabBarVC.swift */,
			);
			path = Controller;
			sourceTree = "<group>";
		};
		EB8C461C2933499100FEEFD1 /* AddUser */ = {
			isa = PBXGroup;
			children = (
				EB8C463A293353C500FEEFD1 /* AddUserViewController.swift */,
			);
			path = AddUser;
			sourceTree = "<group>";
		};
		EB8C461D2933499900FEEFD1 /* Calendar */ = {
			isa = PBXGroup;
			children = (
				EB8C462929334A2800FEEFD1 /* CalendarViewController.swift */,
			);
			path = Calendar;
			sourceTree = "<group>";
		};
		EB8C461E293349AB00FEEFD1 /* Map */ = {
			isa = PBXGroup;
			children = (
				EB8C462B29334A3000FEEFD1 /* MapViewController.swift */,
			);
			path = Map;
			sourceTree = "<group>";
		};
		EB8C461F293349B900FEEFD1 /* Upload */ = {
			isa = PBXGroup;
			children = (
				EB8C462D29334A3A00FEEFD1 /* UploadViewController.swift */,
			);
			path = Upload;
			sourceTree = "<group>";
		};
		EB8C4624293349DA00FEEFD1 /* Cell */ = {
			isa = PBXGroup;
			children = (
				EB8C463029334BB800FEEFD1 /* UserCollectionViewCell.xib */,
				EBDC213129376779006D9B0D /* TodoTableViewCell.xib */,
				EBF8A7B529387B4200207F84 /* TodoImgTableViewCell.xib */,
			);
			path = Cell;
			sourceTree = "<group>";
		};
		EB8C462F29334A4200FEEFD1 /* Cell */ = {
			isa = PBXGroup;
			children = (
				EB8C463629334CF500FEEFD1 /* UserCollectionViewCell.swift */,
				EBDC213329376AB8006D9B0D /* TodoTableViewCell.swift */,
				EBF8A7B729387B5500207F84 /* TodoImgTableViewCell.swift */,
			);
			path = Cell;
			sourceTree = "<group>";
		};
		EB8D24D4293D79A0002E260A /* Upload */ = {
			isa = PBXGroup;
			children = (
				EB8D24D5293D79C7002E260A /* UploadRequest.swift */,
				EB8D24D7293D79D5002E260A /* UploadResponse.swift */,
			);
			path = Upload;
			sourceTree = "<group>";
		};
		EBB240382930A0C000C0F6C3 = {
			isa = PBXGroup;
			children = (
				EBB240432930A0C000C0F6C3 /* Dailing */,
				EBB240422930A0C000C0F6C3 /* Products */,
				B2D054AB9433D7CF4271D64E /* Pods */,
				869399F8DC8F2099E04FFF06 /* Frameworks */,
			);
			sourceTree = "<group>";
		};
		EBB240422930A0C000C0F6C3 /* Products */ = {
			isa = PBXGroup;
			children = (
				EBB240412930A0C000C0F6C3 /* Dailing.app */,
			);
			name = Products;
			sourceTree = "<group>";
		};
		EBB240432930A0C000C0F6C3 /* Dailing */ = {
			isa = PBXGroup;
			children = (
				EBEE37E6293C6CD400069052 /* Font */,
				EB488CD32936249900AC0BE2 /* DaumMap.embeddedframework */,
				EB8C461B293348F300FEEFD1 /* Controller */,
				EB8C461A293348ED00FEEFD1 /* Model */,
				EB8C4619293348E600FEEFD1 /* View */,
				EB5DC96E293A0EFA00384220 /* DailingLog */,
				EB8C4618293348AF00FEEFD1 /* BaseFile */,
				EBB240522930A0C100C0F6C3 /* Info.plist */,
				EB488D16293624D100AC0BE2 /* Dailing-Header.h */,
			);
			path = Dailing;
			sourceTree = "<group>";
		};
		EBEE37E6293C6CD400069052 /* Font */ = {
			isa = PBXGroup;
			children = (
				EBEE37E7293C6D5800069052 /* SpoqaHanSans */,
				EB488D4A293632E200AC0BE2 /* inter-cufonfonts */,
			);
			name = Font;
			path = "래ㅜㅅ";
			sourceTree = "<group>";
		};
/* End PBXGroup section */

/* Begin PBXNativeTarget section */
		EBB240402930A0C000C0F6C3 /* Dailing */ = {
			isa = PBXNativeTarget;
			buildConfigurationList = EBB240552930A0C100C0F6C3 /* Build configuration list for PBXNativeTarget "Dailing" */;
			buildPhases = (
				5E84779EB6BA8F150E9F02C2 /* [CP] Check Pods Manifest.lock */,
				EBB2403D2930A0C000C0F6C3 /* Sources */,
				EBB2403E2930A0C000C0F6C3 /* Frameworks */,
				EBB2403F2930A0C000C0F6C3 /* Resources */,
				09D050B63F6F50211059EFF6 /* [CP] Embed Pods Frameworks */,
				EB0E044A293395B900C83DE7 /* Embed Frameworks */,
			);
			buildRules = (
			);
			dependencies = (
			);
			name = Dailing;
			productName = Dailing;
			productReference = EBB240412930A0C000C0F6C3 /* Dailing.app */;
			productType = "com.apple.product-type.application";
		};
/* End PBXNativeTarget section */

/* Begin PBXProject section */
		EBB240392930A0C000C0F6C3 /* Project object */ = {
			isa = PBXProject;
			attributes = {
				BuildIndependentTargetsInParallel = 1;
				LastSwiftUpdateCheck = 1410;
				LastUpgradeCheck = 1410;
				TargetAttributes = {
					EBB240402930A0C000C0F6C3 = {
						CreatedOnToolsVersion = 14.1;
					};
				};
			};
			buildConfigurationList = EBB2403C2930A0C000C0F6C3 /* Build configuration list for PBXProject "Dailing" */;
			compatibilityVersion = "Xcode 14.0";
			developmentRegion = en;
			hasScannedForEncodings = 0;
			knownRegions = (
				en,
				Base,
			);
			mainGroup = EBB240382930A0C000C0F6C3;
			productRefGroup = EBB240422930A0C000C0F6C3 /* Products */;
			projectDirPath = "";
			projectRoot = "";
			targets = (
				EBB240402930A0C000C0F6C3 /* Dailing */,
			);
		};
/* End PBXProject section */

/* Begin PBXResourcesBuildPhase section */
		EBB2403F2930A0C000C0F6C3 /* Resources */ = {
			isa = PBXResourcesBuildPhase;
			buildActionMask = 2147483647;
			files = (
				EB488CFD2936249900AC0BE2 /* map_pinup.png in Resources */,
				EB488CFA2936249900AC0BE2 /* map_pinup_custom@3x.png in Resources */,
				EB8C4626293349E700FEEFD1 /* Calendar.storyboard in Resources */,
				EB488CFB2936249900AC0BE2 /* map_pin_custom.png in Resources */,
				EB8C463129334BB800FEEFD1 /* UserCollectionViewCell.xib in Resources */,
				EB488D012936249900AC0BE2 /* map_pin_shadow@3x.png in Resources */,
				EB488D082936249900AC0BE2 /* map_pin_red.png in Resources */,
				EB488D0D2936249900AC0BE2 /* noimage256.png in Resources */,
				EB488D102936249900AC0BE2 /* map_present.png in Resources */,
				EB8C4623293349D500FEEFD1 /* Upload.storyboard in Resources */,
				EB488D032936249900AC0BE2 /* th_line.png in Resources */,
				EB488CFE2936249900AC0BE2 /* detail_button.png in Resources */,
				EB488D0F2936249900AC0BE2 /* map_pin.png in Resources */,
				EB488CFC2936249900AC0BE2 /* shadow_balloon.png in Resources */,
				EB488D0A2936249900AC0BE2 /* point_sprite.png in Resources */,
				EB488D022936249900AC0BE2 /* copyright.png in Resources */,
				EB488D0C2936249900AC0BE2 /* info_box_tail.png in Resources */,
				EB488D092936249900AC0BE2 /* info_box.png in Resources */,
				EB488D142936249900AC0BE2 /* map_pin_shadow.png in Resources */,
				EBB240512930A0C100C0F6C3 /* LaunchScreen.storyboard in Resources */,
				EB488D062936249900AC0BE2 /* map_pin@3x.png in Resources */,
				EB488D042936249900AC0BE2 /* map_pin_red@3x.png in Resources */,
				EB488CFF2936249900AC0BE2 /* map_pin_custom@3x.png in Resources */,
				EBDC213229376779006D9B0D /* TodoTableViewCell.xib in Resources */,
				EBB2404E2930A0C100C0F6C3 /* Assets.xcassets in Resources */,
				EB488D112936249900AC0BE2 /* noimage.png in Resources */,
				EBB2404C2930A0C000C0F6C3 /* AddUser.storyboard in Resources */,
				EB488D122936249900AC0BE2 /* map_present_background_update.png in Resources */,
				EBEE37E8293C6D5900069052 /* SpoqaHanSans in Resources */,
				EB488D132936249900AC0BE2 /* daum_th_line.png in Resources */,
				EB488D0E2936249900AC0BE2 /* map_present_direction.png in Resources */,
				EB488D0B2936249900AC0BE2 /* map_pinup_custom.png in Resources */,
				EB488D052936249900AC0BE2 /* daum_copyright.png in Resources */,
				EB8C4621293349CC00FEEFD1 /* Map.storyboard in Resources */,
				EB488D002936249900AC0BE2 /* map_pinup@3x.png in Resources */,
				EB488D4B293632E200AC0BE2 /* inter-cufonfonts in Resources */,
				EB488D072936249900AC0BE2 /* map_present_tracking.png in Resources */,
				EBF8A7B629387B4200207F84 /* TodoImgTableViewCell.xib in Resources */,
			);
			runOnlyForDeploymentPostprocessing = 0;
		};
/* End PBXResourcesBuildPhase section */

/* Begin PBXShellScriptBuildPhase section */
		09D050B63F6F50211059EFF6 /* [CP] Embed Pods Frameworks */ = {
			isa = PBXShellScriptBuildPhase;
			buildActionMask = 2147483647;
			files = (
			);
			inputFileListPaths = (
				"${PODS_ROOT}/Target Support Files/Pods-Dailing/Pods-Dailing-frameworks-${CONFIGURATION}-input-files.xcfilelist",
			);
			name = "[CP] Embed Pods Frameworks";
			outputFileListPaths = (
				"${PODS_ROOT}/Target Support Files/Pods-Dailing/Pods-Dailing-frameworks-${CONFIGURATION}-output-files.xcfilelist",
			);
			runOnlyForDeploymentPostprocessing = 0;
			shellPath = /bin/sh;
			shellScript = "\"${PODS_ROOT}/Target Support Files/Pods-Dailing/Pods-Dailing-frameworks.sh\"\n";
			showEnvVarsInLog = 0;
		};
		5E84779EB6BA8F150E9F02C2 /* [CP] Check Pods Manifest.lock */ = {
			isa = PBXShellScriptBuildPhase;
			buildActionMask = 2147483647;
			files = (
			);
			inputFileListPaths = (
			);
			inputPaths = (
				"${PODS_PODFILE_DIR_PATH}/Podfile.lock",
				"${PODS_ROOT}/Manifest.lock",
			);
			name = "[CP] Check Pods Manifest.lock";
			outputFileListPaths = (
			);
			outputPaths = (
				"$(DERIVED_FILE_DIR)/Pods-Dailing-checkManifestLockResult.txt",
			);
			runOnlyForDeploymentPostprocessing = 0;
			shellPath = /bin/sh;
			shellScript = "diff \"${PODS_PODFILE_DIR_PATH}/Podfile.lock\" \"${PODS_ROOT}/Manifest.lock\" > /dev/null\nif [ $? != 0 ] ; then\n    # print error to STDERR\n    echo \"error: The sandbox is not in sync with the Podfile.lock. Run 'pod install' or update your CocoaPods installation.\" >&2\n    exit 1\nfi\n# This output is used by Xcode 'outputs' to avoid re-running this script phase.\necho \"SUCCESS\" > \"${SCRIPT_OUTPUT_FILE_0}\"\n";
			showEnvVarsInLog = 0;
		};
/* End PBXShellScriptBuildPhase section */

/* Begin PBXSourcesBuildPhase section */
		EBB2403D2930A0C000C0F6C3 /* Sources */ = {
			isa = PBXSourcesBuildPhase;
			buildActionMask = 2147483647;
			files = (
				EB8C462A29334A2800FEEFD1 /* CalendarViewController.swift in Sources */,
				EB8C463729334CF500FEEFD1 /* UserCollectionViewCell.swift in Sources */,
				EB8C462E29334A3A00FEEFD1 /* UploadViewController.swift in Sources */,
				EB8D24D8293D79D5002E260A /* UploadResponse.swift in Sources */,
				EBDC213429376AB8006D9B0D /* TodoTableViewCell.swift in Sources */,
				EB5DC96D293A076500384220 /* DailingURL.swift in Sources */,
				EBB240452930A0C000C0F6C3 /* AppDelegate.swift in Sources */,
				EBDC213029373910006D9B0D /* TabBarVC.swift in Sources */,
				EB5DC970293A0F1500384220 /* DailingLog.swift in Sources */,
				EBF8A7B829387B5500207F84 /* TodoImgTableViewCell.swift in Sources */,
				EB8D24D6293D79C7002E260A /* UploadRequest.swift in Sources */,
				EB5DC96B293A070B00384220 /* GetAllTodoResponse.swift in Sources */,
				EB8C462C29334A3000FEEFD1 /* MapViewController.swift in Sources */,
				EB8C463B293353C500FEEFD1 /* AddUserViewController.swift in Sources */,
				EB8C463929334E7500FEEFD1 /* Controller+Extenction.swift in Sources */,
				EBB240472930A0C000C0F6C3 /* SceneDelegate.swift in Sources */,
			);
			runOnlyForDeploymentPostprocessing = 0;
		};
/* End PBXSourcesBuildPhase section */

/* Begin PBXVariantGroup section */
		EBB2404A2930A0C000C0F6C3 /* AddUser.storyboard */ = {
			isa = PBXVariantGroup;
			children = (
				EBB2404B2930A0C000C0F6C3 /* Base */,
			);
			name = AddUser.storyboard;
			sourceTree = "<group>";
		};
		EBB2404F2930A0C100C0F6C3 /* LaunchScreen.storyboard */ = {
			isa = PBXVariantGroup;
			children = (
				EBB240502930A0C100C0F6C3 /* Base */,
			);
			name = LaunchScreen.storyboard;
			sourceTree = "<group>";
		};
/* End PBXVariantGroup section */

/* Begin XCBuildConfiguration section */
		EBB240532930A0C100C0F6C3 /* Debug */ = {
			isa = XCBuildConfiguration;
			buildSettings = {
				ALWAYS_SEARCH_USER_PATHS = NO;
				CLANG_ANALYZER_NONNULL = YES;
				CLANG_ANALYZER_NUMBER_OBJECT_CONVERSION = YES_AGGRESSIVE;
				CLANG_CXX_LANGUAGE_STANDARD = "gnu++20";
				CLANG_ENABLE_MODULES = YES;
				CLANG_ENABLE_OBJC_ARC = YES;
				CLANG_ENABLE_OBJC_WEAK = YES;
				CLANG_WARN_BLOCK_CAPTURE_AUTORELEASING = YES;
				CLANG_WARN_BOOL_CONVERSION = YES;
				CLANG_WARN_COMMA = YES;
				CLANG_WARN_CONSTANT_CONVERSION = YES;
				CLANG_WARN_DEPRECATED_OBJC_IMPLEMENTATIONS = YES;
				CLANG_WARN_DIRECT_OBJC_ISA_USAGE = YES_ERROR;
				CLANG_WARN_DOCUMENTATION_COMMENTS = YES;
				CLANG_WARN_EMPTY_BODY = YES;
				CLANG_WARN_ENUM_CONVERSION = YES;
				CLANG_WARN_INFINITE_RECURSION = YES;
				CLANG_WARN_INT_CONVERSION = YES;
				CLANG_WARN_NON_LITERAL_NULL_CONVERSION = YES;
				CLANG_WARN_OBJC_IMPLICIT_RETAIN_SELF = YES;
				CLANG_WARN_OBJC_LITERAL_CONVERSION = YES;
				CLANG_WARN_OBJC_ROOT_CLASS = YES_ERROR;
				CLANG_WARN_QUOTED_INCLUDE_IN_FRAMEWORK_HEADER = YES;
				CLANG_WARN_RANGE_LOOP_ANALYSIS = YES;
				CLANG_WARN_STRICT_PROTOTYPES = YES;
				CLANG_WARN_SUSPICIOUS_MOVE = YES;
				CLANG_WARN_UNGUARDED_AVAILABILITY = YES_AGGRESSIVE;
				CLANG_WARN_UNREACHABLE_CODE = YES;
				CLANG_WARN__DUPLICATE_METHOD_MATCH = YES;
				COPY_PHASE_STRIP = NO;
				DEBUG_INFORMATION_FORMAT = dwarf;
				ENABLE_STRICT_OBJC_MSGSEND = YES;
				ENABLE_TESTABILITY = YES;
				GCC_C_LANGUAGE_STANDARD = gnu11;
				GCC_DYNAMIC_NO_PIC = NO;
				GCC_NO_COMMON_BLOCKS = YES;
				GCC_OPTIMIZATION_LEVEL = 0;
				GCC_PREPROCESSOR_DEFINITIONS = (
					"DEBUG=1",
					"$(inherited)",
				);
				GCC_WARN_64_TO_32_BIT_CONVERSION = YES;
				GCC_WARN_ABOUT_RETURN_TYPE = YES_ERROR;
				GCC_WARN_UNDECLARED_SELECTOR = YES;
				GCC_WARN_UNINITIALIZED_AUTOS = YES_AGGRESSIVE;
				GCC_WARN_UNUSED_FUNCTION = YES;
				GCC_WARN_UNUSED_VARIABLE = YES;
				IPHONEOS_DEPLOYMENT_TARGET = 16.1;
				MTL_ENABLE_DEBUG_INFO = INCLUDE_SOURCE;
				MTL_FAST_MATH = YES;
				ONLY_ACTIVE_ARCH = YES;
				SDKROOT = iphoneos;
				SWIFT_ACTIVE_COMPILATION_CONDITIONS = DEBUG;
				SWIFT_OPTIMIZATION_LEVEL = "-Onone";
			};
			name = Debug;
		};
		EBB240542930A0C100C0F6C3 /* Release */ = {
			isa = XCBuildConfiguration;
			buildSettings = {
				ALWAYS_SEARCH_USER_PATHS = NO;
				CLANG_ANALYZER_NONNULL = YES;
				CLANG_ANALYZER_NUMBER_OBJECT_CONVERSION = YES_AGGRESSIVE;
				CLANG_CXX_LANGUAGE_STANDARD = "gnu++20";
				CLANG_ENABLE_MODULES = YES;
				CLANG_ENABLE_OBJC_ARC = YES;
				CLANG_ENABLE_OBJC_WEAK = YES;
				CLANG_WARN_BLOCK_CAPTURE_AUTORELEASING = YES;
				CLANG_WARN_BOOL_CONVERSION = YES;
				CLANG_WARN_COMMA = YES;
				CLANG_WARN_CONSTANT_CONVERSION = YES;
				CLANG_WARN_DEPRECATED_OBJC_IMPLEMENTATIONS = YES;
				CLANG_WARN_DIRECT_OBJC_ISA_USAGE = YES_ERROR;
				CLANG_WARN_DOCUMENTATION_COMMENTS = YES;
				CLANG_WARN_EMPTY_BODY = YES;
				CLANG_WARN_ENUM_CONVERSION = YES;
				CLANG_WARN_INFINITE_RECURSION = YES;
				CLANG_WARN_INT_CONVERSION = YES;
				CLANG_WARN_NON_LITERAL_NULL_CONVERSION = YES;
				CLANG_WARN_OBJC_IMPLICIT_RETAIN_SELF = YES;
				CLANG_WARN_OBJC_LITERAL_CONVERSION = YES;
				CLANG_WARN_OBJC_ROOT_CLASS = YES_ERROR;
				CLANG_WARN_QUOTED_INCLUDE_IN_FRAMEWORK_HEADER = YES;
				CLANG_WARN_RANGE_LOOP_ANALYSIS = YES;
				CLANG_WARN_STRICT_PROTOTYPES = YES;
				CLANG_WARN_SUSPICIOUS_MOVE = YES;
				CLANG_WARN_UNGUARDED_AVAILABILITY = YES_AGGRESSIVE;
				CLANG_WARN_UNREACHABLE_CODE = YES;
				CLANG_WARN__DUPLICATE_METHOD_MATCH = YES;
				COPY_PHASE_STRIP = NO;
				DEBUG_INFORMATION_FORMAT = "dwarf-with-dsym";
				ENABLE_NS_ASSERTIONS = NO;
				ENABLE_STRICT_OBJC_MSGSEND = YES;
				GCC_C_LANGUAGE_STANDARD = gnu11;
				GCC_NO_COMMON_BLOCKS = YES;
				GCC_WARN_64_TO_32_BIT_CONVERSION = YES;
				GCC_WARN_ABOUT_RETURN_TYPE = YES_ERROR;
				GCC_WARN_UNDECLARED_SELECTOR = YES;
				GCC_WARN_UNINITIALIZED_AUTOS = YES_AGGRESSIVE;
				GCC_WARN_UNUSED_FUNCTION = YES;
				GCC_WARN_UNUSED_VARIABLE = YES;
				IPHONEOS_DEPLOYMENT_TARGET = 16.1;
				MTL_ENABLE_DEBUG_INFO = NO;
				MTL_FAST_MATH = YES;
				SDKROOT = iphoneos;
				SWIFT_COMPILATION_MODE = wholemodule;
				SWIFT_OPTIMIZATION_LEVEL = "-O";
				VALIDATE_PRODUCT = YES;
			};
			name = Release;
		};
		EBB240562930A0C100C0F6C3 /* Debug */ = {
			isa = XCBuildConfiguration;
			baseConfigurationReference = DB8F6D301ECA78E4620BD97D /* Pods-Dailing.debug.xcconfig */;
			buildSettings = {
				ASSETCATALOG_COMPILER_APPICON_NAME = AppIcon;
				ASSETCATALOG_COMPILER_GLOBAL_ACCENT_COLOR_NAME = AccentColor;
				CLANG_ENABLE_OBJC_ARC = NO;
				CODE_SIGN_STYLE = Automatic;
				CURRENT_PROJECT_VERSION = 1;
				DEVELOPMENT_TEAM = VKGAQDGK5R;
				FRAMEWORK_SEARCH_PATHS = (
					"$(inherited)",
					"\"${PODS_CONFIGURATION_BUILD_DIR}/Alamofire\"",
					"\"${PODS_CONFIGURATION_BUILD_DIR}/FSCalendar\"",
					"\"${PODS_CONFIGURATION_BUILD_DIR}/IQKeyboardManagerSwift\"",
					"\"${PODS_CONFIGURATION_BUILD_DIR}/Kingfisher\"",
					"\"${PODS_CONFIGURATION_BUILD_DIR}/SnapKit\"",
					"$(PROJECT_DIR)/Dailing/DaumMap.embeddedframework",
				);
				GENERATE_INFOPLIST_FILE = YES;
				INFOPLIST_FILE = Dailing/Info.plist;
				INFOPLIST_KEY_UIApplicationSupportsIndirectInputEvents = YES;
				INFOPLIST_KEY_UILaunchStoryboardName = LaunchScreen;
				INFOPLIST_KEY_UIMainStoryboardFile = AddUser;
				INFOPLIST_KEY_UISupportedInterfaceOrientations_iPad = "UIInterfaceOrientationPortrait UIInterfaceOrientationPortraitUpsideDown UIInterfaceOrientationLandscapeLeft UIInterfaceOrientationLandscapeRight";
				INFOPLIST_KEY_UISupportedInterfaceOrientations_iPhone = "UIInterfaceOrientationPortrait UIInterfaceOrientationLandscapeLeft UIInterfaceOrientationLandscapeRight";
				LD_RUNPATH_SEARCH_PATHS = (
					"$(inherited)",
					"@executable_path/Frameworks",
				);
				MARKETING_VERSION = 1.0;
				PRODUCT_BUNDLE_IDENTIFIER = com.Dong.Dailing;
				PRODUCT_NAME = "$(TARGET_NAME)";
				SWIFT_EMIT_LOC_STRINGS = YES;
				SWIFT_OBJC_BRIDGING_HEADER = "Dailing/Dailing-Header.h";
				SWIFT_VERSION = 5.0;
				TARGETED_DEVICE_FAMILY = "1,2";
			};
			name = Debug;
		};
		EBB240572930A0C100C0F6C3 /* Release */ = {
			isa = XCBuildConfiguration;
			baseConfigurationReference = 44B37E297A9DFE60987D0684 /* Pods-Dailing.release.xcconfig */;
			buildSettings = {
				ASSETCATALOG_COMPILER_APPICON_NAME = AppIcon;
				ASSETCATALOG_COMPILER_GLOBAL_ACCENT_COLOR_NAME = AccentColor;
				CLANG_ENABLE_OBJC_ARC = NO;
				CODE_SIGN_STYLE = Automatic;
				CURRENT_PROJECT_VERSION = 1;
				DEVELOPMENT_TEAM = VKGAQDGK5R;
				FRAMEWORK_SEARCH_PATHS = (
					"$(inherited)",
					"\"${PODS_CONFIGURATION_BUILD_DIR}/Alamofire\"",
					"\"${PODS_CONFIGURATION_BUILD_DIR}/FSCalendar\"",
					"\"${PODS_CONFIGURATION_BUILD_DIR}/IQKeyboardManagerSwift\"",
					"\"${PODS_CONFIGURATION_BUILD_DIR}/Kingfisher\"",
					"\"${PODS_CONFIGURATION_BUILD_DIR}/SnapKit\"",
					"$(PROJECT_DIR)/Dailing/DaumMap.embeddedframework",
				);
				GENERATE_INFOPLIST_FILE = YES;
				INFOPLIST_FILE = Dailing/Info.plist;
				INFOPLIST_KEY_UIApplicationSupportsIndirectInputEvents = YES;
				INFOPLIST_KEY_UILaunchStoryboardName = LaunchScreen;
				INFOPLIST_KEY_UIMainStoryboardFile = AddUser;
				INFOPLIST_KEY_UISupportedInterfaceOrientations_iPad = "UIInterfaceOrientationPortrait UIInterfaceOrientationPortraitUpsideDown UIInterfaceOrientationLandscapeLeft UIInterfaceOrientationLandscapeRight";
				INFOPLIST_KEY_UISupportedInterfaceOrientations_iPhone = "UIInterfaceOrientationPortrait UIInterfaceOrientationLandscapeLeft UIInterfaceOrientationLandscapeRight";
				LD_RUNPATH_SEARCH_PATHS = (
					"$(inherited)",
					"@executable_path/Frameworks",
				);
				MARKETING_VERSION = 1.0;
				PRODUCT_BUNDLE_IDENTIFIER = com.Dong.Dailing;
				PRODUCT_NAME = "$(TARGET_NAME)";
				SWIFT_EMIT_LOC_STRINGS = YES;
				SWIFT_OBJC_BRIDGING_HEADER = "Dailing/Dailing-Header.h";
				SWIFT_VERSION = 5.0;
				TARGETED_DEVICE_FAMILY = "1,2";
			};
			name = Release;
		};
/* End XCBuildConfiguration section */

/* Begin XCConfigurationList section */
		EBB2403C2930A0C000C0F6C3 /* Build configuration list for PBXProject "Dailing" */ = {
			isa = XCConfigurationList;
			buildConfigurations = (
				EBB240532930A0C100C0F6C3 /* Debug */,
				EBB240542930A0C100C0F6C3 /* Release */,
			);
			defaultConfigurationIsVisible = 0;
			defaultConfigurationName = Release;
		};
		EBB240552930A0C100C0F6C3 /* Build configuration list for PBXNativeTarget "Dailing" */ = {
			isa = XCConfigurationList;
			buildConfigurations = (
				EBB240562930A0C100C0F6C3 /* Debug */,
				EBB240572930A0C100C0F6C3 /* Release */,
			);
			defaultConfigurationIsVisible = 0;
			defaultConfigurationName = Release;
		};
/* End XCConfigurationList section */
	};
	rootObject = EBB240392930A0C000C0F6C3 /* Project object */;
}
