// !$*UTF8*$!
{
	archiveVersion = 1;
	classes = {
	};
	objectVersion = 56;
	objects = {

/* Begin PBXBuildFile section */
		8AAEA1A11C43E41CFAB5A75B /* Pods_Dailing.framework in Frameworks */ = {isa = PBXBuildFile; fileRef = 4E35B5983024C95207E95355 /* Pods_Dailing.framework */; };
		EB8C4621293349CC00FEEFD1 /* Map.storyboard in Resources */ = {isa = PBXBuildFile; fileRef = EB8C4620293349CC00FEEFD1 /* Map.storyboard */; };
		EB8C4623293349D500FEEFD1 /* Upload.storyboard in Resources */ = {isa = PBXBuildFile; fileRef = EB8C4622293349D500FEEFD1 /* Upload.storyboard */; };
		EB8C4626293349E700FEEFD1 /* Calendar.storyboard in Resources */ = {isa = PBXBuildFile; fileRef = EB8C4625293349E700FEEFD1 /* Calendar.storyboard */; };
		EB8C462829334A1A00FEEFD1 /* AddUserViewController.swift in Sources */ = {isa = PBXBuildFile; fileRef = EB8C462729334A1A00FEEFD1 /* AddUserViewController.swift */; };
		EB8C462A29334A2800FEEFD1 /* CalendarViewController.swift in Sources */ = {isa = PBXBuildFile; fileRef = EB8C462929334A2800FEEFD1 /* CalendarViewController.swift */; };
		EB8C462C29334A3000FEEFD1 /* MapViewController.swift in Sources */ = {isa = PBXBuildFile; fileRef = EB8C462B29334A3000FEEFD1 /* MapViewController.swift */; };
		EB8C462E29334A3A00FEEFD1 /* UploadViewController.swift in Sources */ = {isa = PBXBuildFile; fileRef = EB8C462D29334A3A00FEEFD1 /* UploadViewController.swift */; };
		EB8C463129334BB800FEEFD1 /* UserCollectionViewCell.xib in Resources */ = {isa = PBXBuildFile; fileRef = EB8C463029334BB800FEEFD1 /* UserCollectionViewCell.xib */; };
		EB8C463729334CF500FEEFD1 /* UserCollectionViewCell.swift in Sources */ = {isa = PBXBuildFile; fileRef = EB8C463629334CF500FEEFD1 /* UserCollectionViewCell.swift */; };
		EB8C463929334E7500FEEFD1 /* Controller+Extenction.swift in Sources */ = {isa = PBXBuildFile; fileRef = EB8C463829334E7500FEEFD1 /* Controller+Extenction.swift */; };
		EBB240452930A0C000C0F6C3 /* AppDelegate.swift in Sources */ = {isa = PBXBuildFile; fileRef = EBB240442930A0C000C0F6C3 /* AppDelegate.swift */; };
		EBB240472930A0C000C0F6C3 /* SceneDelegate.swift in Sources */ = {isa = PBXBuildFile; fileRef = EBB240462930A0C000C0F6C3 /* SceneDelegate.swift */; };
		EBB2404C2930A0C000C0F6C3 /* AddUser.storyboard in Resources */ = {isa = PBXBuildFile; fileRef = EBB2404A2930A0C000C0F6C3 /* AddUser.storyboard */; };
		EBB2404E2930A0C100C0F6C3 /* Assets.xcassets in Resources */ = {isa = PBXBuildFile; fileRef = EBB2404D2930A0C100C0F6C3 /* Assets.xcassets */; };
		EBB240512930A0C100C0F6C3 /* LaunchScreen.storyboard in Resources */ = {isa = PBXBuildFile; fileRef = EBB2404F2930A0C100C0F6C3 /* LaunchScreen.storyboard */; };
/* End PBXBuildFile section */

/* Begin PBXFileReference section */
		44B37E297A9DFE60987D0684 /* Pods-Dailing.release.xcconfig */ = {isa = PBXFileReference; includeInIndex = 1; lastKnownFileType = text.xcconfig; name = "Pods-Dailing.release.xcconfig"; path = "Target Support Files/Pods-Dailing/Pods-Dailing.release.xcconfig"; sourceTree = "<group>"; };
		4E35B5983024C95207E95355 /* Pods_Dailing.framework */ = {isa = PBXFileReference; explicitFileType = wrapper.framework; includeInIndex = 0; path = Pods_Dailing.framework; sourceTree = BUILT_PRODUCTS_DIR; };
		DB8F6D301ECA78E4620BD97D /* Pods-Dailing.debug.xcconfig */ = {isa = PBXFileReference; includeInIndex = 1; lastKnownFileType = text.xcconfig; name = "Pods-Dailing.debug.xcconfig"; path = "Target Support Files/Pods-Dailing/Pods-Dailing.debug.xcconfig"; sourceTree = "<group>"; };
		EB8C4620293349CC00FEEFD1 /* Map.storyboard */ = {isa = PBXFileReference; lastKnownFileType = file.storyboard; path = Map.storyboard; sourceTree = "<group>"; };
		EB8C4622293349D500FEEFD1 /* Upload.storyboard */ = {isa = PBXFileReference; lastKnownFileType = file.storyboard; path = Upload.storyboard; sourceTree = "<group>"; };
		EB8C4625293349E700FEEFD1 /* Calendar.storyboard */ = {isa = PBXFileReference; lastKnownFileType = file.storyboard; path = Calendar.storyboard; sourceTree = "<group>"; };
		EB8C462729334A1A00FEEFD1 /* AddUserViewController.swift */ = {isa = PBXFileReference; lastKnownFileType = sourcecode.swift; path = AddUserViewController.swift; sourceTree = "<group>"; };
		EB8C462929334A2800FEEFD1 /* CalendarViewController.swift */ = {isa = PBXFileReference; lastKnownFileType = sourcecode.swift; path = CalendarViewController.swift; sourceTree = "<group>"; };
		EB8C462B29334A3000FEEFD1 /* MapViewController.swift */ = {isa = PBXFileReference; lastKnownFileType = sourcecode.swift; path = MapViewController.swift; sourceTree = "<group>"; };
		EB8C462D29334A3A00FEEFD1 /* UploadViewController.swift */ = {isa = PBXFileReference; lastKnownFileType = sourcecode.swift; path = UploadViewController.swift; sourceTree = "<group>"; };
		EB8C463029334BB800FEEFD1 /* UserCollectionViewCell.xib */ = {isa = PBXFileReference; lastKnownFileType = file.xib; path = UserCollectionViewCell.xib; sourceTree = "<group>"; };
		EB8C463629334CF500FEEFD1 /* UserCollectionViewCell.swift */ = {isa = PBXFileReference; lastKnownFileType = sourcecode.swift; path = UserCollectionViewCell.swift; sourceTree = "<group>"; };
		EB8C463829334E7500FEEFD1 /* Controller+Extenction.swift */ = {isa = PBXFileReference; lastKnownFileType = sourcecode.swift; path = "Controller+Extenction.swift"; sourceTree = "<group>"; };
		EBB240412930A0C000C0F6C3 /* Dailing.app */ = {isa = PBXFileReference; explicitFileType = wrapper.application; includeInIndex = 0; path = Dailing.app; sourceTree = BUILT_PRODUCTS_DIR; };
		EBB240442930A0C000C0F6C3 /* AppDelegate.swift */ = {isa = PBXFileReference; lastKnownFileType = sourcecode.swift; path = AppDelegate.swift; sourceTree = "<group>"; };
		EBB240462930A0C000C0F6C3 /* SceneDelegate.swift */ = {isa = PBXFileReference; lastKnownFileType = sourcecode.swift; path = SceneDelegate.swift; sourceTree = "<group>"; };
		EBB2404B2930A0C000C0F6C3 /* Base */ = {isa = PBXFileReference; lastKnownFileType = file.storyboard; name = Base; path = Base.lproj/AddUser.storyboard; sourceTree = "<group>"; };
		EBB2404D2930A0C100C0F6C3 /* Assets.xcassets */ = {isa = PBXFileReference; lastKnownFileType = folder.assetcatalog; path = Assets.xcassets; sourceTree = "<group>"; };
		EBB240502930A0C100C0F6C3 /* Base */ = {isa = PBXFileReference; lastKnownFileType = file.storyboard; name = Base; path = Base.lproj/LaunchScreen.storyboard; sourceTree = "<group>"; };
		EBB240522930A0C100C0F6C3 /* Info.plist */ = {isa = PBXFileReference; lastKnownFileType = text.plist.xml; path = Info.plist; sourceTree = "<group>"; };
/* End PBXFileReference section */

/* Begin PBXFrameworksBuildPhase section */
		EBB2403E2930A0C000C0F6C3 /* Frameworks */ = {
			isa = PBXFrameworksBuildPhase;
			buildActionMask = 2147483647;
			files = (
				8AAEA1A11C43E41CFAB5A75B /* Pods_Dailing.framework in Frameworks */,
			);
			runOnlyForDeploymentPostprocessing = 0;
		};
/* End PBXFrameworksBuildPhase section */

/* Begin PBXGroup section */
		869399F8DC8F2099E04FFF06 /* Frameworks */ = {
			isa = PBXGroup;
			children = (
				4E35B5983024C95207E95355 /* Pods_Dailing.framework */,
			);
			name = Frameworks;
			sourceTree = "<group>";
		};
		B2D054AB9433D7CF4271D64E /* Pods */ = {
			isa = PBXGroup;
			children = (
				DB8F6D301ECA78E4620BD97D /* Pods-Dailing.debug.xcconfig */,
				44B37E297A9DFE60987D0684 /* Pods-Dailing.release.xcconfig */,
			);
			path = Pods;
			sourceTree = "<group>";
		};
		EB8C4618293348AF00FEEFD1 /* BaseFile */ = {
			isa = PBXGroup;
			children = (
				EBB2404D2930A0C100C0F6C3 /* Assets.xcassets */,
				EBB2404F2930A0C100C0F6C3 /* LaunchScreen.storyboard */,
				EBB240442930A0C000C0F6C3 /* AppDelegate.swift */,
				EBB240462930A0C000C0F6C3 /* SceneDelegate.swift */,
				EB8C463829334E7500FEEFD1 /* Controller+Extenction.swift */,
			);
			path = BaseFile;
			sourceTree = "<group>";
		};
		EB8C4619293348E600FEEFD1 /* View */ = {
			isa = PBXGroup;
			children = (
				EB8C4624293349DA00FEEFD1 /* Cell */,
				EBB2404A2930A0C000C0F6C3 /* AddUser.storyboard */,
				EB8C4625293349E700FEEFD1 /* Calendar.storyboard */,
				EB8C4620293349CC00FEEFD1 /* Map.storyboard */,
				EB8C4622293349D500FEEFD1 /* Upload.storyboard */,
			);
			path = View;
			sourceTree = "<group>";
		};
		EB8C461A293348ED00FEEFD1 /* Model */ = {
			isa = PBXGroup;
			children = (
			);
			path = Model;
			sourceTree = "<group>";
		};
		EB8C461B293348F300FEEFD1 /* Controller */ = {
			isa = PBXGroup;
			children = (
				EB8C462F29334A4200FEEFD1 /* Cell */,
				EB8C461F293349B900FEEFD1 /* Upload */,
				EB8C461E293349AB00FEEFD1 /* Map */,
				EB8C461D2933499900FEEFD1 /* Calendar */,
				EB8C461C2933499100FEEFD1 /* AddUser */,
			);
			path = Controller;
			sourceTree = "<group>";
		};
		EB8C461C2933499100FEEFD1 /* AddUser */ = {
			isa = PBXGroup;
			children = (
				EB8C462729334A1A00FEEFD1 /* AddUserViewController.swift */,
			);
			path = AddUser;
			sourceTree = "<group>";
		};
		EB8C461D2933499900FEEFD1 /* Calendar */ = {
			isa = PBXGroup;
			children = (
				EB8C462929334A2800FEEFD1 /* CalendarViewController.swift */,
			);
			path = Calendar;
			sourceTree = "<group>";
		};
		EB8C461E293349AB00FEEFD1 /* Map */ = {
			isa = PBXGroup;
			children = (
				EB8C462B29334A3000FEEFD1 /* MapViewController.swift */,
			);
			path = Map;
			sourceTree = "<group>";
		};
		EB8C461F293349B900FEEFD1 /* Upload */ = {
			isa = PBXGroup;
			children = (
				EB8C462D29334A3A00FEEFD1 /* UploadViewController.swift */,
			);
			path = Upload;
			sourceTree = "<group>";
		};
		EB8C4624293349DA00FEEFD1 /* Cell */ = {
			isa = PBXGroup;
			children = (
				EB8C463029334BB800FEEFD1 /* UserCollectionViewCell.xib */,
			);
			path = Cell;
			sourceTree = "<group>";
		};
		EB8C462F29334A4200FEEFD1 /* Cell */ = {
			isa = PBXGroup;
			children = (
				EB8C463629334CF500FEEFD1 /* UserCollectionViewCell.swift */,
			);
			path = Cell;
			sourceTree = "<group>";
		};
		EBB240382930A0C000C0F6C3 = {
			isa = PBXGroup;
			children = (
				EBB240432930A0C000C0F6C3 /* Dailing */,
				EBB240422930A0C000C0F6C3 /* Products */,
				B2D054AB9433D7CF4271D64E /* Pods */,
				869399F8DC8F2099E04FFF06 /* Frameworks */,
			);
			sourceTree = "<group>";
		};
		EBB240422930A0C000C0F6C3 /* Products */ = {
			isa = PBXGroup;
			children = (
				EBB240412930A0C000C0F6C3 /* Dailing.app */,
			);
			name = Products;
			sourceTree = "<group>";
		};
		EBB240432930A0C000C0F6C3 /* Dailing */ = {
			isa = PBXGroup;
			children = (
				EB8C461B293348F300FEEFD1 /* Controller */,
				EB8C461A293348ED00FEEFD1 /* Model */,
				EB8C4619293348E600FEEFD1 /* View */,
				EB8C4618293348AF00FEEFD1 /* BaseFile */,
				EBB240522930A0C100C0F6C3 /* Info.plist */,
			);
			path = Dailing;
			sourceTree = "<group>";
		};
/* End PBXGroup section */

/* Begin PBXNativeTarget section */
		EBB240402930A0C000C0F6C3 /* Dailing */ = {
			isa = PBXNativeTarget;
			buildConfigurationList = EBB240552930A0C100C0F6C3 /* Build configuration list for PBXNativeTarget "Dailing" */;
			buildPhases = (
				5E84779EB6BA8F150E9F02C2 /* [CP] Check Pods Manifest.lock */,
				EBB2403D2930A0C000C0F6C3 /* Sources */,
				EBB2403E2930A0C000C0F6C3 /* Frameworks */,
				EBB2403F2930A0C000C0F6C3 /* Resources */,
				09D050B63F6F50211059EFF6 /* [CP] Embed Pods Frameworks */,
			);
			buildRules = (
			);
			dependencies = (
			);
			name = Dailing;
			productName = Dailing;
			productReference = EBB240412930A0C000C0F6C3 /* Dailing.app */;
			productType = "com.apple.product-type.application";
		};
/* End PBXNativeTarget section */

/* Begin PBXProject section */
		EBB240392930A0C000C0F6C3 /* Project object */ = {
			isa = PBXProject;
			attributes = {
				BuildIndependentTargetsInParallel = 1;
				LastSwiftUpdateCheck = 1410;
				LastUpgradeCheck = 1410;
				TargetAttributes = {
					EBB240402930A0C000C0F6C3 = {
						CreatedOnToolsVersion = 14.1;
					};
				};
			};
			buildConfigurationList = EBB2403C2930A0C000C0F6C3 /* Build configuration list for PBXProject "Dailing" */;
			compatibilityVersion = "Xcode 14.0";
			developmentRegion = en;
			hasScannedForEncodings = 0;
			knownRegions = (
				en,
				Base,
			);
			mainGroup = EBB240382930A0C000C0F6C3;
			productRefGroup = EBB240422930A0C000C0F6C3 /* Products */;
			projectDirPath = "";
			projectRoot = "";
			targets = (
				EBB240402930A0C000C0F6C3 /* Dailing */,
			);
		};
/* End PBXProject section */

/* Begin PBXResourcesBuildPhase section */
		EBB2403F2930A0C000C0F6C3 /* Resources */ = {
			isa = PBXResourcesBuildPhase;
			buildActionMask = 2147483647;
			files = (
				EB8C4626293349E700FEEFD1 /* Calendar.storyboard in Resources */,
				EB8C463129334BB800FEEFD1 /* UserCollectionViewCell.xib in Resources */,
				EB8C4623293349D500FEEFD1 /* Upload.storyboard in Resources */,
				EBB240512930A0C100C0F6C3 /* LaunchScreen.storyboard in Resources */,
				EBB2404E2930A0C100C0F6C3 /* Assets.xcassets in Resources */,
				EBB2404C2930A0C000C0F6C3 /* AddUser.storyboard in Resources */,
				EB8C4621293349CC00FEEFD1 /* Map.storyboard in Resources */,
			);
			runOnlyForDeploymentPostprocessing = 0;
		};
/* End PBXResourcesBuildPhase section */

/* Begin PBXShellScriptBuildPhase section */
		09D050B63F6F50211059EFF6 /* [CP] Embed Pods Frameworks */ = {
			isa = PBXShellScriptBuildPhase;
			buildActionMask = 2147483647;
			files = (
			);
			inputFileListPaths = (
				"${PODS_ROOT}/Target Support Files/Pods-Dailing/Pods-Dailing-frameworks-${CONFIGURATION}-input-files.xcfilelist",
			);
			name = "[CP] Embed Pods Frameworks";
			outputFileListPaths = (
				"${PODS_ROOT}/Target Support Files/Pods-Dailing/Pods-Dailing-frameworks-${CONFIGURATION}-output-files.xcfilelist",
			);
			runOnlyForDeploymentPostprocessing = 0;
			shellPath = /bin/sh;
			shellScript = "\"${PODS_ROOT}/Target Support Files/Pods-Dailing/Pods-Dailing-frameworks.sh\"\n";
			showEnvVarsInLog = 0;
		};
		5E84779EB6BA8F150E9F02C2 /* [CP] Check Pods Manifest.lock */ = {
			isa = PBXShellScriptBuildPhase;
			buildActionMask = 2147483647;
			files = (
			);
			inputFileListPaths = (
			);
			inputPaths = (
				"${PODS_PODFILE_DIR_PATH}/Podfile.lock",
				"${PODS_ROOT}/Manifest.lock",
			);
			name = "[CP] Check Pods Manifest.lock";
			outputFileListPaths = (
			);
			outputPaths = (
				"$(DERIVED_FILE_DIR)/Pods-Dailing-checkManifestLockResult.txt",
			);
			runOnlyForDeploymentPostprocessing = 0;
			shellPath = /bin/sh;
			shellScript = "diff \"${PODS_PODFILE_DIR_PATH}/Podfile.lock\" \"${PODS_ROOT}/Manifest.lock\" > /dev/null\nif [ $? != 0 ] ; then\n    # print error to STDERR\n    echo \"error: The sandbox is not in sync with the Podfile.lock. Run 'pod install' or update your CocoaPods installation.\" >&2\n    exit 1\nfi\n# This output is used by Xcode 'outputs' to avoid re-running this script phase.\necho \"SUCCESS\" > \"${SCRIPT_OUTPUT_FILE_0}\"\n";
			showEnvVarsInLog = 0;
		};
/* End PBXShellScriptBuildPhase section */

/* Begin PBXSourcesBuildPhase section */
		EBB2403D2930A0C000C0F6C3 /* Sources */ = {
			isa = PBXSourcesBuildPhase;
			buildActionMask = 2147483647;
			files = (
				EB8C462A29334A2800FEEFD1 /* CalendarViewController.swift in Sources */,
				EB8C463729334CF500FEEFD1 /* UserCollectionViewCell.swift in Sources */,
				EB8C462E29334A3A00FEEFD1 /* UploadViewController.swift in Sources */,
				EB8C462829334A1A00FEEFD1 /* AddUserViewController.swift in Sources */,
				EBB240452930A0C000C0F6C3 /* AppDelegate.swift in Sources */,
				EB8C462C29334A3000FEEFD1 /* MapViewController.swift in Sources */,
				EB8C463929334E7500FEEFD1 /* Controller+Extenction.swift in Sources */,
				EBB240472930A0C000C0F6C3 /* SceneDelegate.swift in Sources */,
			);
			runOnlyForDeploymentPostprocessing = 0;
		};
/* End PBXSourcesBuildPhase section */

/* Begin PBXVariantGroup section */
		EBB2404A2930A0C000C0F6C3 /* AddUser.storyboard */ = {
			isa = PBXVariantGroup;
			children = (
				EBB2404B2930A0C000C0F6C3 /* Base */,
			);
			name = AddUser.storyboard;
			sourceTree = "<group>";
		};
		EBB2404F2930A0C100C0F6C3 /* LaunchScreen.storyboard */ = {
			isa = PBXVariantGroup;
			children = (
				EBB240502930A0C100C0F6C3 /* Base */,
			);
			name = LaunchScreen.storyboard;
			sourceTree = "<group>";
		};
/* End PBXVariantGroup section */

/* Begin XCBuildConfiguration section */
		EBB240532930A0C100C0F6C3 /* Debug */ = {
			isa = XCBuildConfiguration;
			buildSettings = {
				ALWAYS_SEARCH_USER_PATHS = NO;
				CLANG_ANALYZER_NONNULL = YES;
				CLANG_ANALYZER_NUMBER_OBJECT_CONVERSION = YES_AGGRESSIVE;
				CLANG_CXX_LANGUAGE_STANDARD = "gnu++20";
				CLANG_ENABLE_MODULES = YES;
				CLANG_ENABLE_OBJC_ARC = YES;
				CLANG_ENABLE_OBJC_WEAK = YES;
				CLANG_WARN_BLOCK_CAPTURE_AUTORELEASING = YES;
				CLANG_WARN_BOOL_CONVERSION = YES;
				CLANG_WARN_COMMA = YES;
				CLANG_WARN_CONSTANT_CONVERSION = YES;
				CLANG_WARN_DEPRECATED_OBJC_IMPLEMENTATIONS = YES;
				CLANG_WARN_DIRECT_OBJC_ISA_USAGE = YES_ERROR;
				CLANG_WARN_DOCUMENTATION_COMMENTS = YES;
				CLANG_WARN_EMPTY_BODY = YES;
				CLANG_WARN_ENUM_CONVERSION = YES;
				CLANG_WARN_INFINITE_RECURSION = YES;
				CLANG_WARN_INT_CONVERSION = YES;
				CLANG_WARN_NON_LITERAL_NULL_CONVERSION = YES;
				CLANG_WARN_OBJC_IMPLICIT_RETAIN_SELF = YES;
				CLANG_WARN_OBJC_LITERAL_CONVERSION = YES;
				CLANG_WARN_OBJC_ROOT_CLASS = YES_ERROR;
				CLANG_WARN_QUOTED_INCLUDE_IN_FRAMEWORK_HEADER = YES;
				CLANG_WARN_RANGE_LOOP_ANALYSIS = YES;
				CLANG_WARN_STRICT_PROTOTYPES = YES;
				CLANG_WARN_SUSPICIOUS_MOVE = YES;
				CLANG_WARN_UNGUARDED_AVAILABILITY = YES_AGGRESSIVE;
				CLANG_WARN_UNREACHABLE_CODE = YES;
				CLANG_WARN__DUPLICATE_METHOD_MATCH = YES;
				COPY_PHASE_STRIP = NO;
				DEBUG_INFORMATION_FORMAT = dwarf;
				ENABLE_STRICT_OBJC_MSGSEND = YES;
				ENABLE_TESTABILITY = YES;
				GCC_C_LANGUAGE_STANDARD = gnu11;
				GCC_DYNAMIC_NO_PIC = NO;
				GCC_NO_COMMON_BLOCKS = YES;
				GCC_OPTIMIZATION_LEVEL = 0;
				GCC_PREPROCESSOR_DEFINITIONS = (
					"DEBUG=1",
					"$(inherited)",
				);
				GCC_WARN_64_TO_32_BIT_CONVERSION = YES;
				GCC_WARN_ABOUT_RETURN_TYPE = YES_ERROR;
				GCC_WARN_UNDECLARED_SELECTOR = YES;
				GCC_WARN_UNINITIALIZED_AUTOS = YES_AGGRESSIVE;
				GCC_WARN_UNUSED_FUNCTION = YES;
				GCC_WARN_UNUSED_VARIABLE = YES;
				IPHONEOS_DEPLOYMENT_TARGET = 16.1;
				MTL_ENABLE_DEBUG_INFO = INCLUDE_SOURCE;
				MTL_FAST_MATH = YES;
				ONLY_ACTIVE_ARCH = YES;
				SDKROOT = iphoneos;
				SWIFT_ACTIVE_COMPILATION_CONDITIONS = DEBUG;
				SWIFT_OPTIMIZATION_LEVEL = "-Onone";
			};
			name = Debug;
		};
		EBB240542930A0C100C0F6C3 /* Release */ = {
			isa = XCBuildConfiguration;
			buildSettings = {
				ALWAYS_SEARCH_USER_PATHS = NO;
				CLANG_ANALYZER_NONNULL = YES;
				CLANG_ANALYZER_NUMBER_OBJECT_CONVERSION = YES_AGGRESSIVE;
				CLANG_CXX_LANGUAGE_STANDARD = "gnu++20";
				CLANG_ENABLE_MODULES = YES;
				CLANG_ENABLE_OBJC_ARC = YES;
				CLANG_ENABLE_OBJC_WEAK = YES;
				CLANG_WARN_BLOCK_CAPTURE_AUTORELEASING = YES;
				CLANG_WARN_BOOL_CONVERSION = YES;
				CLANG_WARN_COMMA = YES;
				CLANG_WARN_CONSTANT_CONVERSION = YES;
				CLANG_WARN_DEPRECATED_OBJC_IMPLEMENTATIONS = YES;
				CLANG_WARN_DIRECT_OBJC_ISA_USAGE = YES_ERROR;
				CLANG_WARN_DOCUMENTATION_COMMENTS = YES;
				CLANG_WARN_EMPTY_BODY = YES;
				CLANG_WARN_ENUM_CONVERSION = YES;
				CLANG_WARN_INFINITE_RECURSION = YES;
				CLANG_WARN_INT_CONVERSION = YES;
				CLANG_WARN_NON_LITERAL_NULL_CONVERSION = YES;
				CLANG_WARN_OBJC_IMPLICIT_RETAIN_SELF = YES;
				CLANG_WARN_OBJC_LITERAL_CONVERSION = YES;
				CLANG_WARN_OBJC_ROOT_CLASS = YES_ERROR;
				CLANG_WARN_QUOTED_INCLUDE_IN_FRAMEWORK_HEADER = YES;
				CLANG_WARN_RANGE_LOOP_ANALYSIS = YES;
				CLANG_WARN_STRICT_PROTOTYPES = YES;
				CLANG_WARN_SUSPICIOUS_MOVE = YES;
				CLANG_WARN_UNGUARDED_AVAILABILITY = YES_AGGRESSIVE;
				CLANG_WARN_UNREACHABLE_CODE = YES;
				CLANG_WARN__DUPLICATE_METHOD_MATCH = YES;
				COPY_PHASE_STRIP = NO;
				DEBUG_INFORMATION_FORMAT = "dwarf-with-dsym";
				ENABLE_NS_ASSERTIONS = NO;
				ENABLE_STRICT_OBJC_MSGSEND = YES;
				GCC_C_LANGUAGE_STANDARD = gnu11;
				GCC_NO_COMMON_BLOCKS = YES;
				GCC_WARN_64_TO_32_BIT_CONVERSION = YES;
				GCC_WARN_ABOUT_RETURN_TYPE = YES_ERROR;
				GCC_WARN_UNDECLARED_SELECTOR = YES;
				GCC_WARN_UNINITIALIZED_AUTOS = YES_AGGRESSIVE;
				GCC_WARN_UNUSED_FUNCTION = YES;
				GCC_WARN_UNUSED_VARIABLE = YES;
				IPHONEOS_DEPLOYMENT_TARGET = 16.1;
				MTL_ENABLE_DEBUG_INFO = NO;
				MTL_FAST_MATH = YES;
				SDKROOT = iphoneos;
				SWIFT_COMPILATION_MODE = wholemodule;
				SWIFT_OPTIMIZATION_LEVEL = "-O";
				VALIDATE_PRODUCT = YES;
			};
			name = Release;
		};
		EBB240562930A0C100C0F6C3 /* Debug */ = {
			isa = XCBuildConfiguration;
			baseConfigurationReference = DB8F6D301ECA78E4620BD97D /* Pods-Dailing.debug.xcconfig */;
			buildSettings = {
				ASSETCATALOG_COMPILER_APPICON_NAME = AppIcon;
				ASSETCATALOG_COMPILER_GLOBAL_ACCENT_COLOR_NAME = AccentColor;
				CODE_SIGN_STYLE = Automatic;
				CURRENT_PROJECT_VERSION = 1;
				DEVELOPMENT_TEAM = VKGAQDGK5R;
				GENERATE_INFOPLIST_FILE = YES;
				INFOPLIST_FILE = Dailing/Info.plist;
				INFOPLIST_KEY_UIApplicationSupportsIndirectInputEvents = YES;
				INFOPLIST_KEY_UILaunchStoryboardName = LaunchScreen;
				INFOPLIST_KEY_UIMainStoryboardFile = Main;
				INFOPLIST_KEY_UISupportedInterfaceOrientations_iPad = "UIInterfaceOrientationPortrait UIInterfaceOrientationPortraitUpsideDown UIInterfaceOrientationLandscapeLeft UIInterfaceOrientationLandscapeRight";
				INFOPLIST_KEY_UISupportedInterfaceOrientations_iPhone = "UIInterfaceOrientationPortrait UIInterfaceOrientationLandscapeLeft UIInterfaceOrientationLandscapeRight";
				LD_RUNPATH_SEARCH_PATHS = (
					"$(inherited)",
					"@executable_path/Frameworks",
				);
				MARKETING_VERSION = 1.0;
				PRODUCT_BUNDLE_IDENTIFIER = com.Dong.Dailing;
				PRODUCT_NAME = "$(TARGET_NAME)";
				SWIFT_EMIT_LOC_STRINGS = YES;
				SWIFT_VERSION = 5.0;
				TARGETED_DEVICE_FAMILY = "1,2";
			};
			name = Debug;
		};
		EBB240572930A0C100C0F6C3 /* Release */ = {
			isa = XCBuildConfiguration;
			baseConfigurationReference = 44B37E297A9DFE60987D0684 /* Pods-Dailing.release.xcconfig */;
			buildSettings = {
				ASSETCATALOG_COMPILER_APPICON_NAME = AppIcon;
				ASSETCATALOG_COMPILER_GLOBAL_ACCENT_COLOR_NAME = AccentColor;
				CODE_SIGN_STYLE = Automatic;
				CURRENT_PROJECT_VERSION = 1;
				DEVELOPMENT_TEAM = VKGAQDGK5R;
				GENERATE_INFOPLIST_FILE = YES;
				INFOPLIST_FILE = Dailing/Info.plist;
				INFOPLIST_KEY_UIApplicationSupportsIndirectInputEvents = YES;
				INFOPLIST_KEY_UILaunchStoryboardName = LaunchScreen;
				INFOPLIST_KEY_UIMainStoryboardFile = Main;
				INFOPLIST_KEY_UISupportedInterfaceOrientations_iPad = "UIInterfaceOrientationPortrait UIInterfaceOrientationPortraitUpsideDown UIInterfaceOrientationLandscapeLeft UIInterfaceOrientationLandscapeRight";
				INFOPLIST_KEY_UISupportedInterfaceOrientations_iPhone = "UIInterfaceOrientationPortrait UIInterfaceOrientationLandscapeLeft UIInterfaceOrientationLandscapeRight";
				LD_RUNPATH_SEARCH_PATHS = (
					"$(inherited)",
					"@executable_path/Frameworks",
				);
				MARKETING_VERSION = 1.0;
				PRODUCT_BUNDLE_IDENTIFIER = com.Dong.Dailing;
				PRODUCT_NAME = "$(TARGET_NAME)";
				SWIFT_EMIT_LOC_STRINGS = YES;
				SWIFT_VERSION = 5.0;
				TARGETED_DEVICE_FAMILY = "1,2";
			};
			name = Release;
		};
/* End XCBuildConfiguration section */

/* Begin XCConfigurationList section */
		EBB2403C2930A0C000C0F6C3 /* Build configuration list for PBXProject "Dailing" */ = {
			isa = XCConfigurationList;
			buildConfigurations = (
				EBB240532930A0C100C0F6C3 /* Debug */,
				EBB240542930A0C100C0F6C3 /* Release */,
			);
			defaultConfigurationIsVisible = 0;
			defaultConfigurationName = Release;
		};
		EBB240552930A0C100C0F6C3 /* Build configuration list for PBXNativeTarget "Dailing" */ = {
			isa = XCConfigurationList;
			buildConfigurations = (
				EBB240562930A0C100C0F6C3 /* Debug */,
				EBB240572930A0C100C0F6C3 /* Release */,
			);
			defaultConfigurationIsVisible = 0;
			defaultConfigurationName = Release;
		};
/* End XCConfigurationList section */
	};
	rootObject = EBB240392930A0C000C0F6C3 /* Project object */;
}
